
Microsoft Visual Studio Solution File, Format Version 12.00
# Visual Studio Version 17
VisualStudioVersion = 17.14.36221.1
MinimumVisualStudioVersion = 10.0.40219.1
Project("{FAE04EC0-301F-11D3-BF4B-00C04F79EFBC}") = "MemoSphere", "MemoSphere\MemoSphere.csproj", "{0B6251AC-66E6-4234-8539-E3879BDB9992}"
	ProjectSection(ProjectDependencies) = postProject
		{EF98333B-38A5-4C22-AECE-5638159CFDF5} = {EF98333B-38A5-4C22-AECE-5638159CFDF5}
	EndProjectSection
EndProject
Project("{FAE04EC0-301F-11D3-BF4B-00C04F79EFBC}") = "MemoSphere.Core", "MemoSphere.Core\MemoSphere.Core.csproj", "{EF98333B-38A5-4C22-AECE-5638159CFDF5}"
EndProject
Project("{FAE04EC0-301F-11D3-BF4B-00C04F79EFBC}") = "MemoSphere.Data", "Data\MemoSphere.Data.csproj", "{77A00375-DFEF-4CAD-A2E1-B074CEA57ACE}"
EndProject
Global
	GlobalSection(SolutionConfigurationPlatforms) = preSolution
		Debug|Any CPU = Debug|Any CPU
		Release|Any CPU = Release|Any CPU
	EndGlobalSection
	GlobalSection(ProjectConfigurationPlatforms) = postSolution
		{0B6251AC-66E6-4234-8539-E3879BDB9992}.Debug|Any CPU.ActiveCfg = Debug|Any CPU
		{0B6251AC-66E6-4234-8539-E3879BDB9992}.Debug|Any CPU.Build.0 = Debug|Any CPU
		{0B6251AC-66E6-4234-8539-E3879BDB9992}.Release|Any CPU.ActiveCfg = Release|Any CPU
		{0B6251AC-66E6-4234-8539-E3879BDB9992}.Release|Any CPU.Build.0 = Release|Any CPU
		{EF98333B-38A5-4C22-AECE-5638159CFDF5}.Debug|Any CPU.ActiveCfg = Debug|Any CPU
		{EF98333B-38A5-4C22-AECE-5638159CFDF5}.Debug|Any CPU.Build.0 = Debug|Any CPU
		{EF98333B-38A5-4C22-AECE-5638159CFDF5}.Release|Any CPU.ActiveCfg = Release|Any CPU
		{EF98333B-38A5-4C22-AECE-5638159CFDF5}.Release|Any CPU.Build.0 = Release|Any CPU
		{77A00375-DFEF-4CAD-A2E1-B074CEA57ACE}.Debug|Any CPU.ActiveCfg = Debug|Any CPU
		{77A00375-DFEF-4CAD-A2E1-B074CEA57ACE}.Debug|Any CPU.Build.0 = Debug|Any CPU
		{77A00375-DFEF-4CAD-A2E1-B074CEA57ACE}.Release|Any CPU.ActiveCfg = Release|Any CPU
		{77A00375-DFEF-4CAD-A2E1-B074CEA57ACE}.Release|Any CPU.Build.0 = Release|Any CPU
	EndGlobalSection
	GlobalSection(SolutionProperties) = preSolution
		HideSolutionNode = FALSE
	EndGlobalSection
	GlobalSection(ExtensibilityGlobals) = postSolution
		SolutionGuid = {FA958F48-880F-45D3-BEC9-9D294C3B62CF}
	EndGlobalSection
EndGlobal
